
Microsoft Visual Studio Solution File, Format Version 12.00
# Visual Studio Version 17
VisualStudioVersion = 17.1.32210.238
MinimumVisualStudioVersion = 10.0.40219.1
Project("{2150E333-8FDC-42A3-9474-1A3956D46DE8}") = "1 - Presentation", "1 - Presentation", "{267CF408-1040-4928-AD73-AD527740D7E8}"
EndProject
Project("{2150E333-8FDC-42A3-9474-1A3956D46DE8}") = "2 - Application", "2 - Application", "{D26A6E5E-EA8F-42E5-98BA-B07E3532B366}"
EndProject
Project("{2150E333-8FDC-42A3-9474-1A3956D46DE8}") = "3 - Domain", "3 - Domain", "{552CAD7A-ADC9-4EA6-8D38-C624BEC93DF3}"
EndProject
Project("{2150E333-8FDC-42A3-9474-1A3956D46DE8}") = "4 - Infra", "4 - Infra", "{37BA97F6-C52D-485F-A33B-4F482F690041}"
EndProject
Project("{2150E333-8FDC-42A3-9474-1A3956D46DE8}") = "5 - Cross-Cutting", "5 - Cross-Cutting", "{FE26D24E-B44C-426E-8F04-B655D3B77A8C}"
EndProject
Project("{9A19103F-16F7-4668-BE54-9A1E7A4F7556}") = "GuiaEmpresarialAPI.Application", "src\GuiaEmpresarialAPI.Application\GuiaEmpresarialAPI.Application.csproj", "{4B70F4E3-7D56-4513-B298-7913258EC8F2}"
EndProject
Project("{9A19103F-16F7-4668-BE54-9A1E7A4F7556}") = "GuiaEmpresarialAPI.Domain", "src\GuiaEmpresarialAPI.Domain\GuiaEmpresarialAPI.Domain.csproj", "{CE72BE5F-7CA4-4D54-A424-A7AA041D6BA4}"
EndProject
Project("{2150E333-8FDC-42A3-9474-1A3956D46DE8}") = "src", "src", "{74A1976A-90A4-4259-A54A-948C78F86D1B}"
	ProjectSection(SolutionItems) = preProject
		src\Directory.Build.props = src\Directory.Build.props
	EndProjectSection
EndProject
Project("{2150E333-8FDC-42A3-9474-1A3956D46DE8}") = "Solution Items", "Solution Items", "{FDBA9B95-1925-4A5C-AEE3-327EB3C792BA}"
	ProjectSection(SolutionItems) = preProject
		.gitignore = .gitignore
	EndProjectSection
EndProject
Project("{9A19103F-16F7-4668-BE54-9A1E7A4F7556}") = "GuiaEmpresarialAPI.Server", "src\GuiaEmpresarialAPI.Server\GuiaEmpresarialAPI.Server.csproj", "{6BF7FCE5-671E-450E-8089-A5998B2CD578}"
EndProject
Project("{9A19103F-16F7-4668-BE54-9A1E7A4F7556}") = "GuiaEmpresarialAPI.Data", "src\GuiaEmpresarialAPI.Data\GuiaEmpresarialAPI.Data.csproj", "{FF0E5EB1-6FCF-4FDF-8CAA-ADF863EEE640}"
EndProject
Project("{9A19103F-16F7-4668-BE54-9A1E7A4F7556}") = "GuiaEmpresarialAPI.Shared", "src\GuiaEmpresarialAPI.Shared\GuiaEmpresarialAPI.Shared.csproj", "{0AF9347B-41DF-4D0E-898A-A7575D7E674E}"
EndProject
Project("{E53339B2-1760-4266-BCC7-CA923CBCF16C}") = "docker-compose", "docker-compose.dcproj", "{6C811022-86DF-46C2-9098-FBABB4C896AB}"
EndProject
Global
	GlobalSection(SolutionConfigurationPlatforms) = preSolution
		Debug|Any CPU = Debug|Any CPU
		Release|Any CPU = Release|Any CPU
	EndGlobalSection
	GlobalSection(ProjectConfigurationPlatforms) = postSolution
		{4B70F4E3-7D56-4513-B298-7913258EC8F2}.Debug|Any CPU.ActiveCfg = Debug|Any CPU
		{4B70F4E3-7D56-4513-B298-7913258EC8F2}.Debug|Any CPU.Build.0 = Debug|Any CPU
		{4B70F4E3-7D56-4513-B298-7913258EC8F2}.Release|Any CPU.ActiveCfg = Release|Any CPU
		{4B70F4E3-7D56-4513-B298-7913258EC8F2}.Release|Any CPU.Build.0 = Release|Any CPU
		{CE72BE5F-7CA4-4D54-A424-A7AA041D6BA4}.Debug|Any CPU.ActiveCfg = Debug|Any CPU
		{CE72BE5F-7CA4-4D54-A424-A7AA041D6BA4}.Debug|Any CPU.Build.0 = Debug|Any CPU
		{CE72BE5F-7CA4-4D54-A424-A7AA041D6BA4}.Release|Any CPU.ActiveCfg = Release|Any CPU
		{CE72BE5F-7CA4-4D54-A424-A7AA041D6BA4}.Release|Any CPU.Build.0 = Release|Any CPU
		{6BF7FCE5-671E-450E-8089-A5998B2CD578}.Debug|Any CPU.ActiveCfg = Debug|Any CPU
		{6BF7FCE5-671E-450E-8089-A5998B2CD578}.Debug|Any CPU.Build.0 = Debug|Any CPU
		{6BF7FCE5-671E-450E-8089-A5998B2CD578}.Release|Any CPU.ActiveCfg = Release|Any CPU
		{6BF7FCE5-671E-450E-8089-A5998B2CD578}.Release|Any CPU.Build.0 = Release|Any CPU
		{FF0E5EB1-6FCF-4FDF-8CAA-ADF863EEE640}.Debug|Any CPU.ActiveCfg = Debug|Any CPU
		{FF0E5EB1-6FCF-4FDF-8CAA-ADF863EEE640}.Debug|Any CPU.Build.0 = Debug|Any CPU
		{FF0E5EB1-6FCF-4FDF-8CAA-ADF863EEE640}.Release|Any CPU.ActiveCfg = Release|Any CPU
		{FF0E5EB1-6FCF-4FDF-8CAA-ADF863EEE640}.Release|Any CPU.Build.0 = Release|Any CPU
		{0AF9347B-41DF-4D0E-898A-A7575D7E674E}.Debug|Any CPU.ActiveCfg = Debug|Any CPU
		{0AF9347B-41DF-4D0E-898A-A7575D7E674E}.Debug|Any CPU.Build.0 = Debug|Any CPU
		{0AF9347B-41DF-4D0E-898A-A7575D7E674E}.Release|Any CPU.ActiveCfg = Release|Any CPU
		{0AF9347B-41DF-4D0E-898A-A7575D7E674E}.Release|Any CPU.Build.0 = Release|Any CPU
		{6C811022-86DF-46C2-9098-FBABB4C896AB}.Debug|Any CPU.ActiveCfg = Debug|Any CPU
		{6C811022-86DF-46C2-9098-FBABB4C896AB}.Debug|Any CPU.Build.0 = Debug|Any CPU
		{6C811022-86DF-46C2-9098-FBABB4C896AB}.Release|Any CPU.ActiveCfg = Release|Any CPU
		{6C811022-86DF-46C2-9098-FBABB4C896AB}.Release|Any CPU.Build.0 = Release|Any CPU
	EndGlobalSection
	GlobalSection(SolutionProperties) = preSolution
		HideSolutionNode = FALSE
	EndGlobalSection
	GlobalSection(NestedProjects) = preSolution
		{267CF408-1040-4928-AD73-AD527740D7E8} = {74A1976A-90A4-4259-A54A-948C78F86D1B}
		{D26A6E5E-EA8F-42E5-98BA-B07E3532B366} = {74A1976A-90A4-4259-A54A-948C78F86D1B}
		{552CAD7A-ADC9-4EA6-8D38-C624BEC93DF3} = {74A1976A-90A4-4259-A54A-948C78F86D1B}
		{37BA97F6-C52D-485F-A33B-4F482F690041} = {74A1976A-90A4-4259-A54A-948C78F86D1B}
		{FE26D24E-B44C-426E-8F04-B655D3B77A8C} = {74A1976A-90A4-4259-A54A-948C78F86D1B}
		{4B70F4E3-7D56-4513-B298-7913258EC8F2} = {D26A6E5E-EA8F-42E5-98BA-B07E3532B366}
		{CE72BE5F-7CA4-4D54-A424-A7AA041D6BA4} = {552CAD7A-ADC9-4EA6-8D38-C624BEC93DF3}
		{6BF7FCE5-671E-450E-8089-A5998B2CD578} = {267CF408-1040-4928-AD73-AD527740D7E8}
		{FF0E5EB1-6FCF-4FDF-8CAA-ADF863EEE640} = {37BA97F6-C52D-485F-A33B-4F482F690041}
		{0AF9347B-41DF-4D0E-898A-A7575D7E674E} = {FE26D24E-B44C-426E-8F04-B655D3B77A8C}
	EndGlobalSection
	GlobalSection(ExtensibilityGlobals) = postSolution
		SolutionGuid = {D0D6EE68-BD10-404A-BFC6-461C93A317C3}
	EndGlobalSection
EndGlobal
